
Microsoft Visual Studio Solution File, Format Version 12.00
# Visual Studio 15
VisualStudioVersion = 15.0.28010.2048
MinimumVisualStudioVersion = 10.0.40219.1
Project("{FAE04EC0-301F-11D3-BF4B-00C04F79EFBC}") = "Lab Schedule Display", "Lab Schedule Display\Lab Schedule Display.csproj", "{035A9666-9B41-4BF7-8F28-A03EABCC3872}"
EndProject
Project("{C7167F0D-BC9F-4E6E-AFE1-012C56B48DB5}") = "TestPackage", "TestPackage\TestPackage.wapproj", "{93C21426-0B0B-4C97-8295-91D1B3C148E0}"
EndProject
Global
	GlobalSection(SolutionConfigurationPlatforms) = preSolution
		Debug|Any CPU = Debug|Any CPU
		Debug|ARM = Debug|ARM
		Debug|x64 = Debug|x64
		Debug|x86 = Debug|x86
		Release|Any CPU = Release|Any CPU
		Release|ARM = Release|ARM
		Release|x64 = Release|x64
		Release|x86 = Release|x86
	EndGlobalSection
	GlobalSection(ProjectConfigurationPlatforms) = postSolution
		{035A9666-9B41-4BF7-8F28-A03EABCC3872}.Debug|Any CPU.ActiveCfg = Debug|x86
		{035A9666-9B41-4BF7-8F28-A03EABCC3872}.Debug|ARM.ActiveCfg = Debug|ARM
		{035A9666-9B41-4BF7-8F28-A03EABCC3872}.Debug|ARM.Build.0 = Debug|ARM
		{035A9666-9B41-4BF7-8F28-A03EABCC3872}.Debug|ARM.Deploy.0 = Debug|ARM
		{035A9666-9B41-4BF7-8F28-A03EABCC3872}.Debug|x64.ActiveCfg = Debug|x64
		{035A9666-9B41-4BF7-8F28-A03EABCC3872}.Debug|x64.Build.0 = Debug|x64
		{035A9666-9B41-4BF7-8F28-A03EABCC3872}.Debug|x64.Deploy.0 = Debug|x64
		{035A9666-9B41-4BF7-8F28-A03EABCC3872}.Debug|x86.ActiveCfg = Debug|x86
		{035A9666-9B41-4BF7-8F28-A03EABCC3872}.Debug|x86.Build.0 = Debug|x86
		{035A9666-9B41-4BF7-8F28-A03EABCC3872}.Debug|x86.Deploy.0 = Debug|x86
		{035A9666-9B41-4BF7-8F28-A03EABCC3872}.Release|Any CPU.ActiveCfg = Release|x86
		{035A9666-9B41-4BF7-8F28-A03EABCC3872}.Release|ARM.ActiveCfg = Release|ARM
		{035A9666-9B41-4BF7-8F28-A03EABCC3872}.Release|ARM.Build.0 = Release|ARM
		{035A9666-9B41-4BF7-8F28-A03EABCC3872}.Release|ARM.Deploy.0 = Release|ARM
		{035A9666-9B41-4BF7-8F28-A03EABCC3872}.Release|x64.ActiveCfg = Release|x64
		{035A9666-9B41-4BF7-8F28-A03EABCC3872}.Release|x64.Build.0 = Release|x64
		{035A9666-9B41-4BF7-8F28-A03EABCC3872}.Release|x64.Deploy.0 = Release|x64
		{035A9666-9B41-4BF7-8F28-A03EABCC3872}.Release|x86.ActiveCfg = Release|x86
		{035A9666-9B41-4BF7-8F28-A03EABCC3872}.Release|x86.Build.0 = Release|x86
		{035A9666-9B41-4BF7-8F28-A03EABCC3872}.Release|x86.Deploy.0 = Release|x86
		{93C21426-0B0B-4C97-8295-91D1B3C148E0}.Debug|Any CPU.ActiveCfg = Debug|Any CPU
		{93C21426-0B0B-4C97-8295-91D1B3C148E0}.Debug|Any CPU.Build.0 = Debug|Any CPU
		{93C21426-0B0B-4C97-8295-91D1B3C148E0}.Debug|Any CPU.Deploy.0 = Debug|Any CPU
		{93C21426-0B0B-4C97-8295-91D1B3C148E0}.Debug|ARM.ActiveCfg = Debug|Any CPU
		{93C21426-0B0B-4C97-8295-91D1B3C148E0}.Debug|ARM.Build.0 = Debug|Any CPU
		{93C21426-0B0B-4C97-8295-91D1B3C148E0}.Debug|ARM.Deploy.0 = Debug|Any CPU
		{93C21426-0B0B-4C97-8295-91D1B3C148E0}.Debug|x64.ActiveCfg = Debug|x64
		{93C21426-0B0B-4C97-8295-91D1B3C148E0}.Debug|x64.Build.0 = Debug|x64
		{93C21426-0B0B-4C97-8295-91D1B3C148E0}.Debug|x64.Deploy.0 = Debug|x64
		{93C21426-0B0B-4C97-8295-91D1B3C148E0}.Debug|x86.ActiveCfg = Debug|x86
		{93C21426-0B0B-4C97-8295-91D1B3C148E0}.Debug|x86.Build.0 = Debug|x86
		{93C21426-0B0B-4C97-8295-91D1B3C148E0}.Debug|x86.Deploy.0 = Debug|x86
		{93C21426-0B0B-4C97-8295-91D1B3C148E0}.Release|Any CPU.ActiveCfg = Release|Any CPU
		{93C21426-0B0B-4C97-8295-91D1B3C148E0}.Release|Any CPU.Build.0 = Release|Any CPU
		{93C21426-0B0B-4C97-8295-91D1B3C148E0}.Release|Any CPU.Deploy.0 = Release|Any CPU
		{93C21426-0B0B-4C97-8295-91D1B3C148E0}.Release|ARM.ActiveCfg = Release|Any CPU
		{93C21426-0B0B-4C97-8295-91D1B3C148E0}.Release|ARM.Build.0 = Release|Any CPU
		{93C21426-0B0B-4C97-8295-91D1B3C148E0}.Release|ARM.Deploy.0 = Release|Any CPU
		{93C21426-0B0B-4C97-8295-91D1B3C148E0}.Release|x64.ActiveCfg = Release|x64
		{93C21426-0B0B-4C97-8295-91D1B3C148E0}.Release|x64.Build.0 = Release|x64
		{93C21426-0B0B-4C97-8295-91D1B3C148E0}.Release|x64.Deploy.0 = Release|x64
		{93C21426-0B0B-4C97-8295-91D1B3C148E0}.Release|x86.ActiveCfg = Release|x86
		{93C21426-0B0B-4C97-8295-91D1B3C148E0}.Release|x86.Build.0 = Release|x86
		{93C21426-0B0B-4C97-8295-91D1B3C148E0}.Release|x86.Deploy.0 = Release|x86
	EndGlobalSection
	GlobalSection(SolutionProperties) = preSolution
		HideSolutionNode = FALSE
	EndGlobalSection
	GlobalSection(ExtensibilityGlobals) = postSolution
		SolutionGuid = {A986682F-D175-4562-B6DD-4996CA354416}
	EndGlobalSection
EndGlobal
